
Microsoft Visual Studio Solution File, Format Version 12.00
# Visual Studio Version 16
VisualStudioVersion = 16.0.31729.503
MinimumVisualStudioVersion = 10.0.40219.1
Project("{FAE04EC0-301F-11D3-BF4B-00C04F79EFBC}") = "geometrie1", "geometrie1\geometrie1.csproj", "{E5A014A6-5523-4C2C-A375-05A1955BFDD0}"
EndProject
Global
	GlobalSection(SolutionConfigurationPlatforms) = preSolution
		Debug|Any CPU = Debug|Any CPU
		Release|Any CPU = Release|Any CPU
	EndGlobalSection
	GlobalSection(ProjectConfigurationPlatforms) = postSolution
		{E5A014A6-5523-4C2C-A375-05A1955BFDD0}.Debug|Any CPU.ActiveCfg = Debug|Any CPU
		{E5A014A6-5523-4C2C-A375-05A1955BFDD0}.Debug|Any CPU.Build.0 = Debug|Any CPU
		{E5A014A6-5523-4C2C-A375-05A1955BFDD0}.Release|Any CPU.ActiveCfg = Release|Any CPU
		{E5A014A6-5523-4C2C-A375-05A1955BFDD0}.Release|Any CPU.Build.0 = Release|Any CPU
	EndGlobalSection
	GlobalSection(SolutionProperties) = preSolution
		HideSolutionNode = FALSE
	EndGlobalSection
	GlobalSection(ExtensibilityGlobals) = postSolution
		SolutionGuid = {CA326FE4-E03A-49AC-9A1F-A3D5B7223BA5}
	EndGlobalSection
EndGlobal
